// !$*UTF8*$!
{
	archiveVersion = 1;
	classes = {
	};
	objectVersion = 46;
	objects = {

/* Begin PBXBuildFile section */
		615C4CCB1C86A23C00BA0110 /* AppDelegate.swift in Sources */ = {isa = PBXBuildFile; fileRef = 615C4CCA1C86A23C00BA0110 /* AppDelegate.swift */; };
		615C4CCD1C86A23C00BA0110 /* ViewController.swift in Sources */ = {isa = PBXBuildFile; fileRef = 615C4CCC1C86A23C00BA0110 /* ViewController.swift */; };
		615C4CD01C86A23C00BA0110 /* Main.storyboard in Resources */ = {isa = PBXBuildFile; fileRef = 615C4CCE1C86A23C00BA0110 /* Main.storyboard */; };
		615C4CD21C86A23C00BA0110 /* Assets.xcassets in Resources */ = {isa = PBXBuildFile; fileRef = 615C4CD11C86A23C00BA0110 /* Assets.xcassets */; };
		615C4CD51C86A23C00BA0110 /* LaunchScreen.storyboard in Resources */ = {isa = PBXBuildFile; fileRef = 615C4CD31C86A23C00BA0110 /* LaunchScreen.storyboard */; };
		6169D2C61C8BD20700EF4819 /* LoginViewController.swift in Sources */ = {isa = PBXBuildFile; fileRef = 6169D2C51C8BD20700EF4819 /* LoginViewController.swift */; };
		6169D2C81C8BDDA100EF4819 /* HomeViewController.swift in Sources */ = {isa = PBXBuildFile; fileRef = 6169D2C71C8BDDA100EF4819 /* HomeViewController.swift */; };
		F58F9A025E0CB56879B1C8C2 /* Pods_Instagram.framework in Frameworks */ = {isa = PBXBuildFile; fileRef = 0CEBD84F72CB9ADCA4795522 /* Pods_Instagram.framework */; };
/* End PBXBuildFile section */

/* Begin PBXFileReference section */
		0CEBD84F72CB9ADCA4795522 /* Pods_Instagram.framework */ = {isa = PBXFileReference; explicitFileType = wrapper.framework; includeInIndex = 0; path = Pods_Instagram.framework; sourceTree = BUILT_PRODUCTS_DIR; };
		4ECBFF00A1968D2385645CAA /* Pods-Instagram.release.xcconfig */ = {isa = PBXFileReference; includeInIndex = 1; lastKnownFileType = text.xcconfig; name = "Pods-Instagram.release.xcconfig"; path = "Pods/Target Support Files/Pods-Instagram/Pods-Instagram.release.xcconfig"; sourceTree = "<group>"; };
		615C4CC71C86A23B00BA0110 /* Instagram.app */ = {isa = PBXFileReference; explicitFileType = wrapper.application; includeInIndex = 0; path = Instagram.app; sourceTree = BUILT_PRODUCTS_DIR; };
		615C4CCA1C86A23C00BA0110 /* AppDelegate.swift */ = {isa = PBXFileReference; lastKnownFileType = sourcecode.swift; path = AppDelegate.swift; sourceTree = "<group>"; };
		615C4CCC1C86A23C00BA0110 /* ViewController.swift */ = {isa = PBXFileReference; lastKnownFileType = sourcecode.swift; path = ViewController.swift; sourceTree = "<group>"; };
		615C4CCF1C86A23C00BA0110 /* Base */ = {isa = PBXFileReference; lastKnownFileType = file.storyboard; name = Base; path = Base.lproj/Main.storyboard; sourceTree = "<group>"; };
		615C4CD11C86A23C00BA0110 /* Assets.xcassets */ = {isa = PBXFileReference; lastKnownFileType = folder.assetcatalog; path = Assets.xcassets; sourceTree = "<group>"; };
		615C4CD41C86A23C00BA0110 /* Base */ = {isa = PBXFileReference; lastKnownFileType = file.storyboard; name = Base; path = Base.lproj/LaunchScreen.storyboard; sourceTree = "<group>"; };
		615C4CD61C86A23C00BA0110 /* Info.plist */ = {isa = PBXFileReference; lastKnownFileType = text.plist.xml; path = Info.plist; sourceTree = "<group>"; };
		6169D2C51C8BD20700EF4819 /* LoginViewController.swift */ = {isa = PBXFileReference; fileEncoding = 4; lastKnownFileType = sourcecode.swift; path = LoginViewController.swift; sourceTree = "<group>"; };
		6169D2C71C8BDDA100EF4819 /* HomeViewController.swift */ = {isa = PBXFileReference; fileEncoding = 4; lastKnownFileType = sourcecode.swift; path = HomeViewController.swift; sourceTree = "<group>"; };
		F0FC5997E8EA5DCAB3961096 /* Pods-Instagram.debug.xcconfig */ = {isa = PBXFileReference; includeInIndex = 1; lastKnownFileType = text.xcconfig; name = "Pods-Instagram.debug.xcconfig"; path = "Pods/Target Support Files/Pods-Instagram/Pods-Instagram.debug.xcconfig"; sourceTree = "<group>"; };
/* End PBXFileReference section */

/* Begin PBXFrameworksBuildPhase section */
		615C4CC41C86A23B00BA0110 /* Frameworks */ = {
			isa = PBXFrameworksBuildPhase;
			buildActionMask = 2147483647;
			files = (
				F58F9A025E0CB56879B1C8C2 /* Pods_Instagram.framework in Frameworks */,
			);
			runOnlyForDeploymentPostprocessing = 0;
		};
/* End PBXFrameworksBuildPhase section */

/* Begin PBXGroup section */
		615C4CBE1C86A23B00BA0110 = {
			isa = PBXGroup;
			children = (
				615C4CC91C86A23C00BA0110 /* Instagram */,
				615C4CC81C86A23B00BA0110 /* Products */,
				775FD92EA0C3D50F2DB5F409 /* Pods */,
				C9FD3AFEFFC777557D5C2E68 /* Frameworks */,
			);
			sourceTree = "<group>";
		};
		615C4CC81C86A23B00BA0110 /* Products */ = {
			isa = PBXGroup;
			children = (
				615C4CC71C86A23B00BA0110 /* Instagram.app */,
			);
			name = Products;
			sourceTree = "<group>";
		};
		615C4CC91C86A23C00BA0110 /* Instagram */ = {
			isa = PBXGroup;
			children = (
				615C4CCA1C86A23C00BA0110 /* AppDelegate.swift */,
				615C4CCC1C86A23C00BA0110 /* ViewController.swift */,
				615C4CCE1C86A23C00BA0110 /* Main.storyboard */,
				615C4CD11C86A23C00BA0110 /* Assets.xcassets */,
				615C4CD31C86A23C00BA0110 /* LaunchScreen.storyboard */,
				615C4CD61C86A23C00BA0110 /* Info.plist */,
				6169D2C51C8BD20700EF4819 /* LoginViewController.swift */,
				6169D2C71C8BDDA100EF4819 /* HomeViewController.swift */,
			);
			path = Instagram;
			sourceTree = "<group>";
		};
		775FD92EA0C3D50F2DB5F409 /* Pods */ = {
			isa = PBXGroup;
			children = (
				F0FC5997E8EA5DCAB3961096 /* Pods-Instagram.debug.xcconfig */,
				4ECBFF00A1968D2385645CAA /* Pods-Instagram.release.xcconfig */,
			);
			name = Pods;
			sourceTree = "<group>";
		};
		C9FD3AFEFFC777557D5C2E68 /* Frameworks */ = {
			isa = PBXGroup;
			children = (
				0CEBD84F72CB9ADCA4795522 /* Pods_Instagram.framework */,
			);
			name = Frameworks;
			sourceTree = "<group>";
		};
/* End PBXGroup section */

/* Begin PBXNativeTarget section */
		615C4CC61C86A23B00BA0110 /* Instagram */ = {
			isa = PBXNativeTarget;
			buildConfigurationList = 615C4CD91C86A23C00BA0110 /* Build configuration list for PBXNativeTarget "Instagram" */;
			buildPhases = (
				82AB8E630BAA44CB99572AE2 /* Check Pods Manifest.lock */,
				615C4CC31C86A23B00BA0110 /* Sources */,
				615C4CC41C86A23B00BA0110 /* Frameworks */,
				615C4CC51C86A23B00BA0110 /* Resources */,
				915B34BC6B95A1212B356D9D /* Embed Pods Frameworks */,
				08498019F061C8B14C4F039C /* Copy Pods Resources */,
			);
			buildRules = (
			);
			dependencies = (
			);
			name = Instagram;
			productName = Instagram;
			productReference = 615C4CC71C86A23B00BA0110 /* Instagram.app */;
			productType = "com.apple.product-type.application";
		};
/* End PBXNativeTarget section */

/* Begin PBXProject section */
		615C4CBF1C86A23B00BA0110 /* Project object */ = {
			isa = PBXProject;
			attributes = {
				LastSwiftUpdateCheck = 0720;
				LastUpgradeCheck = 0720;
				ORGANIZATIONNAME = "Tom Horvath";
				TargetAttributes = {
					615C4CC61C86A23B00BA0110 = {
						CreatedOnToolsVersion = 7.2.1;
					};
				};
			};
			buildConfigurationList = 615C4CC21C86A23B00BA0110 /* Build configuration list for PBXProject "Instagram" */;
			compatibilityVersion = "Xcode 3.2";
			developmentRegion = English;
			hasScannedForEncodings = 0;
			knownRegions = (
				en,
				Base,
			);
			mainGroup = 615C4CBE1C86A23B00BA0110;
			productRefGroup = 615C4CC81C86A23B00BA0110 /* Products */;
			projectDirPath = "";
			projectRoot = "";
			targets = (
				615C4CC61C86A23B00BA0110 /* Instagram */,
			);
		};
/* End PBXProject section */

/* Begin PBXResourcesBuildPhase section */
		615C4CC51C86A23B00BA0110 /* Resources */ = {
			isa = PBXResourcesBuildPhase;
			buildActionMask = 2147483647;
			files = (
				615C4CD51C86A23C00BA0110 /* LaunchScreen.storyboard in Resources */,
				615C4CD21C86A23C00BA0110 /* Assets.xcassets in Resources */,
				615C4CD01C86A23C00BA0110 /* Main.storyboard in Resources */,
			);
			runOnlyForDeploymentPostprocessing = 0;
		};
/* End PBXResourcesBuildPhase section */

/* Begin PBXShellScriptBuildPhase section */
		08498019F061C8B14C4F039C /* Copy Pods Resources */ = {
			isa = PBXShellScriptBuildPhase;
			buildActionMask = 2147483647;
			files = (
			);
			inputPaths = (
			);
			name = "Copy Pods Resources";
			outputPaths = (
			);
			runOnlyForDeploymentPostprocessing = 0;
			shellPath = /bin/sh;
			shellScript = "\"${SRCROOT}/Pods/Target Support Files/Pods-Instagram/Pods-Instagram-resources.sh\"\n";
			showEnvVarsInLog = 0;
		};
		82AB8E630BAA44CB99572AE2 /* Check Pods Manifest.lock */ = {
			isa = PBXShellScriptBuildPhase;
			buildActionMask = 2147483647;
			files = (
			);
			inputPaths = (
			);
			name = "Check Pods Manifest.lock";
			outputPaths = (
			);
			runOnlyForDeploymentPostprocessing = 0;
			shellPath = /bin/sh;
			shellScript = "diff \"${PODS_ROOT}/../Podfile.lock\" \"${PODS_ROOT}/Manifest.lock\" > /dev/null\nif [[ $? != 0 ]] ; then\n    cat << EOM\nerror: The sandbox is not in sync with the Podfile.lock. Run 'pod install' or update your CocoaPods installation.\nEOM\n    exit 1\nfi\n";
			showEnvVarsInLog = 0;
		};
		915B34BC6B95A1212B356D9D /* Embed Pods Frameworks */ = {
			isa = PBXShellScriptBuildPhase;
			buildActionMask = 2147483647;
			files = (
			);
			inputPaths = (
			);
			name = "Embed Pods Frameworks";
			outputPaths = (
			);
			runOnlyForDeploymentPostprocessing = 0;
			shellPath = /bin/sh;
			shellScript = "\"${SRCROOT}/Pods/Target Support Files/Pods-Instagram/Pods-Instagram-frameworks.sh\"\n";
			showEnvVarsInLog = 0;
		};
/* End PBXShellScriptBuildPhase section */

/* Begin PBXSourcesBuildPhase section */
		615C4CC31C86A23B00BA0110 /* Sources */ = {
			isa = PBXSourcesBuildPhase;
			buildActionMask = 2147483647;
			files = (
				6169D2C61C8BD20700EF4819 /* LoginViewController.swift in Sources */,
				615C4CCD1C86A23C00BA0110 /* ViewController.swift in Sources */,
				615C4CCB1C86A23C00BA0110 /* AppDelegate.swift in Sources */,
				6169D2C81C8BDDA100EF4819 /* HomeViewController.swift in Sources */,
			);
			runOnlyForDeploymentPostprocessing = 0;
		};
/* End PBXSourcesBuildPhase section */

/* Begin PBXVariantGroup section */
		615C4CCE1C86A23C00BA0110 /* Main.storyboard */ = {
			isa = PBXVariantGroup;
			children = (
				615C4CCF1C86A23C00BA0110 /* Base */,
			);
			name = Main.storyboard;
			sourceTree = "<group>";
		};
		615C4CD31C86A23C00BA0110 /* LaunchScreen.storyboard */ = {
			isa = PBXVariantGroup;
			children = (
				615C4CD41C86A23C00BA0110 /* Base */,
			);
			name = LaunchScreen.storyboard;
			sourceTree = "<group>";
		};
/* End PBXVariantGroup section */

/* Begin XCBuildConfiguration section */
		615C4CD71C86A23C00BA0110 /* Debug */ = {
			isa = XCBuildConfiguration;
			buildSettings = {
				ALWAYS_SEARCH_USER_PATHS = NO;
				CLANG_CXX_LANGUAGE_STANDARD = "gnu++0x";
				CLANG_CXX_LIBRARY = "libc++";
				CLANG_ENABLE_MODULES = YES;
				CLANG_ENABLE_OBJC_ARC = YES;
				CLANG_WARN_BOOL_CONVERSION = YES;
				CLANG_WARN_CONSTANT_CONVERSION = YES;
				CLANG_WARN_DIRECT_OBJC_ISA_USAGE = YES_ERROR;
				CLANG_WARN_EMPTY_BODY = YES;
				CLANG_WARN_ENUM_CONVERSION = YES;
				CLANG_WARN_INT_CONVERSION = YES;
				CLANG_WARN_OBJC_ROOT_CLASS = YES_ERROR;
				CLANG_WARN_UNREACHABLE_CODE = YES;
				CLANG_WARN__DUPLICATE_METHOD_MATCH = YES;
				"CODE_SIGN_IDENTITY[sdk=iphoneos*]" = "iPhone Developer";
				COPY_PHASE_STRIP = NO;
				DEBUG_INFORMATION_FORMAT = dwarf;
				ENABLE_STRICT_OBJC_MSGSEND = YES;
				ENABLE_TESTABILITY = YES;
				GCC_C_LANGUAGE_STANDARD = gnu99;
				GCC_DYNAMIC_NO_PIC = NO;
				GCC_NO_COMMON_BLOCKS = YES;
				GCC_OPTIMIZATION_LEVEL = 0;
				GCC_PREPROCESSOR_DEFINITIONS = (
					"DEBUG=1",
					"$(inherited)",
				);
				GCC_WARN_64_TO_32_BIT_CONVERSION = YES;
				GCC_WARN_ABOUT_RETURN_TYPE = YES_ERROR;
				GCC_WARN_UNDECLARED_SELECTOR = YES;
				GCC_WARN_UNINITIALIZED_AUTOS = YES_AGGRESSIVE;
				GCC_WARN_UNUSED_FUNCTION = YES;
				GCC_WARN_UNUSED_VARIABLE = YES;
				IPHONEOS_DEPLOYMENT_TARGET = 9.2;
				MTL_ENABLE_DEBUG_INFO = YES;
				ONLY_ACTIVE_ARCH = YES;
				SDKROOT = iphoneos;
				SWIFT_OPTIMIZATION_LEVEL = "-Onone";
				TARGETED_DEVICE_FAMILY = "1,2";
			};
			name = Debug;
		};
		615C4CD81C86A23C00BA0110 /* Release */ = {
			isa = XCBuildConfiguration;
			buildSettings = {
				ALWAYS_SEARCH_USER_PATHS = NO;
				CLANG_CXX_LANGUAGE_STANDARD = "gnu++0x";
				CLANG_CXX_LIBRARY = "libc++";
				CLANG_ENABLE_MODULES = YES;
				CLANG_ENABLE_OBJC_ARC = YES;
				CLANG_WARN_BOOL_CONVERSION = YES;
				CLANG_WARN_CONSTANT_CONVERSION = YES;
				CLANG_WARN_DIRECT_OBJC_ISA_USAGE = YES_ERROR;
				CLANG_WARN_EMPTY_BODY = YES;
				CLANG_WARN_ENUM_CONVERSION = YES;
				CLANG_WARN_INT_CONVERSION = YES;
				CLANG_WARN_OBJC_ROOT_CLASS = YES_ERROR;
				CLANG_WARN_UNREACHABLE_CODE = YES;
				CLANG_WARN__DUPLICATE_METHOD_MATCH = YES;
				"CODE_SIGN_IDENTITY[sdk=iphoneos*]" = "iPhone Developer";
				COPY_PHASE_STRIP = NO;
				DEBUG_INFORMATION_FORMAT = "dwarf-with-dsym";
				ENABLE_NS_ASSERTIONS = NO;
				ENABLE_STRICT_OBJC_MSGSEND = YES;
				GCC_C_LANGUAGE_STANDARD = gnu99;
				GCC_NO_COMMON_BLOCKS = YES;
				GCC_WARN_64_TO_32_BIT_CONVERSION = YES;
				GCC_WARN_ABOUT_RETURN_TYPE = YES_ERROR;
				GCC_WARN_UNDECLARED_SELECTOR = YES;
				GCC_WARN_UNINITIALIZED_AUTOS = YES_AGGRESSIVE;
				GCC_WARN_UNUSED_FUNCTION = YES;
				GCC_WARN_UNUSED_VARIABLE = YES;
				IPHONEOS_DEPLOYMENT_TARGET = 9.2;
				MTL_ENABLE_DEBUG_INFO = NO;
				SDKROOT = iphoneos;
				TARGETED_DEVICE_FAMILY = "1,2";
				VALIDATE_PRODUCT = YES;
			};
			name = Release;
		};
		615C4CDA1C86A23C00BA0110 /* Debug */ = {
			isa = XCBuildConfiguration;
			baseConfigurationReference = F0FC5997E8EA5DCAB3961096 /* Pods-Instagram.debug.xcconfig */;
			buildSettings = {
				ASSETCATALOG_COMPILER_APPICON_NAME = AppIcon;
				INFOPLIST_FILE = Instagram/Info.plist;
				LD_RUNPATH_SEARCH_PATHS = "$(inherited) @executable_path/Frameworks";
				PRODUCT_BUNDLE_IDENTIFIER = com.horvathtom.Instagram;
				PRODUCT_NAME = "$(TARGET_NAME)";
			};
			name = Debug;
		};
		615C4CDB1C86A23C00BA0110 /* Release */ = {
			isa = XCBuildConfiguration;
			baseConfigurationReference = 4ECBFF00A1968D2385645CAA /* Pods-Instagram.release.xcconfig */;
			buildSettings = {
				ASSETCATALOG_COMPILER_APPICON_NAME = AppIcon;
				INFOPLIST_FILE = Instagram/Info.plist;
				LD_RUNPATH_SEARCH_PATHS = "$(inherited) @executable_path/Frameworks";
				PRODUCT_BUNDLE_IDENTIFIER = com.horvathtom.Instagram;
				PRODUCT_NAME = "$(TARGET_NAME)";
			};
			name = Release;
		};
/* End XCBuildConfiguration section */

/* Begin XCConfigurationList section */
		615C4CC21C86A23B00BA0110 /* Build configuration list for PBXProject "Instagram" */ = {
			isa = XCConfigurationList;
			buildConfigurations = (
				615C4CD71C86A23C00BA0110 /* Debug */,
				615C4CD81C86A23C00BA0110 /* Release */,
			);
			defaultConfigurationIsVisible = 0;
			defaultConfigurationName = Release;
		};
		615C4CD91C86A23C00BA0110 /* Build configuration list for PBXNativeTarget "Instagram" */ = {
			isa = XCConfigurationList;
			buildConfigurations = (
				615C4CDA1C86A23C00BA0110 /* Debug */,
				615C4CDB1C86A23C00BA0110 /* Release */,
			);
			defaultConfigurationIsVisible = 0;
			defaultConfigurationName = Release;
		};
/* End XCConfigurationList section */
	};
	rootObject = 615C4CBF1C86A23B00BA0110 /* Project object */;
}
